// !$*UTF8*$!
{
	archiveVersion = 1;
	classes = {
	};
	objectVersion = 56;
	objects = {

/* Begin PBXBuildFile section */
		2501F7322A41B7CD00919419 /* DetailTodoItemViewController.swift in Sources */ = {isa = PBXBuildFile; fileRef = 2501F7312A41B7CD00919419 /* DetailTodoItemViewController.swift */; };
		2501F7342A41B87900919419 /* DetailTodoItemView.swift in Sources */ = {isa = PBXBuildFile; fileRef = 2501F7332A41B87900919419 /* DetailTodoItemView.swift */; };
		2501F7382A41B93200919419 /* SeparatorView.swift in Sources */ = {isa = PBXBuildFile; fileRef = 2501F7372A41B93200919419 /* SeparatorView.swift */; };
		2501F73A2A41B9A000919419 /* UIColor+Extension.swift in Sources */ = {isa = PBXBuildFile; fileRef = 2501F7392A41B9A000919419 /* UIColor+Extension.swift */; };
		2501F73C2A41B9B800919419 /* UIFont+Extension.swift in Sources */ = {isa = PBXBuildFile; fileRef = 2501F73B2A41B9B800919419 /* UIFont+Extension.swift */; };
		2501F73E2A41BAC900919419 /* CustomLable.swift in Sources */ = {isa = PBXBuildFile; fileRef = 2501F73D2A41BAC900919419 /* CustomLable.swift */; };
		2501F7402A41BADB00919419 /* CustomStackView.swift in Sources */ = {isa = PBXBuildFile; fileRef = 2501F73F2A41BADB00919419 /* CustomStackView.swift */; };
		2501F7422A41BAF300919419 /* Constants.swift in Sources */ = {isa = PBXBuildFile; fileRef = 2501F7412A41BAF300919419 /* Constants.swift */; };
		2501F7442A41D8BE00919419 /* TodoListViewModel.swift in Sources */ = {isa = PBXBuildFile; fileRef = 2501F7432A41D8BE00919419 /* TodoListViewModel.swift */; };
		2501F7492A41D93400919419 /* ObservableWrapper.swift in Sources */ = {isa = PBXBuildFile; fileRef = 2501F7482A41D93400919419 /* ObservableWrapper.swift */; };
		2501F74C2A41D98100919419 /* FileCacheProtocol.swift in Sources */ = {isa = PBXBuildFile; fileRef = 2501F74B2A41D98100919419 /* FileCacheProtocol.swift */; };
		2501F74E2A41DF5F00919419 /* DetailTodoItemViewDelegate.swift in Sources */ = {isa = PBXBuildFile; fileRef = 2501F74D2A41DF5F00919419 /* DetailTodoItemViewDelegate.swift */; };
		2501F7502A41E6FD00919419 /* DetailTodoItemViewControllerDelegate.swift in Sources */ = {isa = PBXBuildFile; fileRef = 2501F74F2A41E6FD00919419 /* DetailTodoItemViewControllerDelegate.swift */; };
		2501F7522A42150C00919419 /* SelectColorStackView.swift in Sources */ = {isa = PBXBuildFile; fileRef = 2501F7512A42150C00919419 /* SelectColorStackView.swift */; };
		2501F7542A4220F700919419 /* CustomColorPickerViewController.swift in Sources */ = {isa = PBXBuildFile; fileRef = 2501F7532A4220F700919419 /* CustomColorPickerViewController.swift */; };
		2501F7582A42446A00919419 /* OpacitySliderColorPicker.swift in Sources */ = {isa = PBXBuildFile; fileRef = 2501F7572A42446A00919419 /* OpacitySliderColorPicker.swift */; };
		2501F75B2A4251BC00919419 /* CAGradientLayer+Extension.swift in Sources */ = {isa = PBXBuildFile; fileRef = 2501F75A2A4251BC00919419 /* CAGradientLayer+Extension.swift */; };
		2501F75D2A432B6200919419 /* UIColorMarshallings.swift in Sources */ = {isa = PBXBuildFile; fileRef = 2501F75C2A432B6200919419 /* UIColorMarshallings.swift */; };
		2501F7612A43811000919419 /* ColorStackViewColorPicker.swift in Sources */ = {isa = PBXBuildFile; fileRef = 2501F7602A43811000919419 /* ColorStackViewColorPicker.swift */; };
		2501F7652A444CD000919419 /* GradientView.swift in Sources */ = {isa = PBXBuildFile; fileRef = 2501F7642A444CD000919419 /* GradientView.swift */; };
		2501F7672A4450E000919419 /* DateStackView.swift in Sources */ = {isa = PBXBuildFile; fileRef = 2501F7662A4450E000919419 /* DateStackView.swift */; };
		2501F7692A44647100919419 /* DateStackViewDelegate.swift in Sources */ = {isa = PBXBuildFile; fileRef = 2501F7682A44647100919419 /* DateStackViewDelegate.swift */; };
		2501F76B2A4464BD00919419 /* ImportanceStackView.swift in Sources */ = {isa = PBXBuildFile; fileRef = 2501F76A2A4464BD00919419 /* ImportanceStackView.swift */; };
		2501F76D2A44698700919419 /* DetailMainStackView.swift in Sources */ = {isa = PBXBuildFile; fileRef = 2501F76C2A44698700919419 /* DetailMainStackView.swift */; };
		2501F76F2A4471B700919419 /* ImportanceStackViewDelegate.swift in Sources */ = {isa = PBXBuildFile; fileRef = 2501F76E2A4471B700919419 /* ImportanceStackViewDelegate.swift */; };
		2501F7712A4471D200919419 /* DetailMainStackViewDelegate.swift in Sources */ = {isa = PBXBuildFile; fileRef = 2501F7702A4471D200919419 /* DetailMainStackViewDelegate.swift */; };
		2501F7732A45F1E500919419 /* ColorMarshallingsProtocol.swift in Sources */ = {isa = PBXBuildFile; fileRef = 2501F7722A45F1E500919419 /* ColorMarshallingsProtocol.swift */; };
		252B3F522A49B18E006356D4 /* TodoTableViewCell.swift in Sources */ = {isa = PBXBuildFile; fileRef = 252B3F512A49B18E006356D4 /* TodoTableViewCell.swift */; };
		252B3F542A49B6C8006356D4 /* RadioButton.swift in Sources */ = {isa = PBXBuildFile; fileRef = 252B3F532A49B6C8006356D4 /* RadioButton.swift */; };
		252B3F562A49BD52006356D4 /* TodoListView.swift in Sources */ = {isa = PBXBuildFile; fileRef = 252B3F552A49BD52006356D4 /* TodoListView.swift */; };
		252B3F582A49CAB1006356D4 /* NewTodoItemTableViewCell.swift in Sources */ = {isa = PBXBuildFile; fileRef = 252B3F572A49CAB1006356D4 /* NewTodoItemTableViewCell.swift */; };
		252B3F5A2A49E54E006356D4 /* TodoStackView.swift in Sources */ = {isa = PBXBuildFile; fileRef = 252B3F592A49E54E006356D4 /* TodoStackView.swift */; };
		25B6347D2A3CA0DD00AC6AD7 /* AppDelegate.swift in Sources */ = {isa = PBXBuildFile; fileRef = 25B6347C2A3CA0DD00AC6AD7 /* AppDelegate.swift */; };
		25B6347F2A3CA0DD00AC6AD7 /* SceneDelegate.swift in Sources */ = {isa = PBXBuildFile; fileRef = 25B6347E2A3CA0DD00AC6AD7 /* SceneDelegate.swift */; };
		25B634812A3CA0DD00AC6AD7 /* TodoListViewController.swift in Sources */ = {isa = PBXBuildFile; fileRef = 25B634802A3CA0DD00AC6AD7 /* TodoListViewController.swift */; };
		25B634862A3CA0DE00AC6AD7 /* Assets.xcassets in Resources */ = {isa = PBXBuildFile; fileRef = 25B634852A3CA0DE00AC6AD7 /* Assets.xcassets */; };
		25B634892A3CA0DE00AC6AD7 /* LaunchScreen.storyboard in Resources */ = {isa = PBXBuildFile; fileRef = 25B634872A3CA0DE00AC6AD7 /* LaunchScreen.storyboard */; };
		25B634952A3CACA900AC6AD7 /* TodoItem.swift in Sources */ = {isa = PBXBuildFile; fileRef = 25B634942A3CACA900AC6AD7 /* TodoItem.swift */; };
		25B634982A3CAE0A00AC6AD7 /* Date+Extension.swift in Sources */ = {isa = PBXBuildFile; fileRef = 25B634972A3CAE0A00AC6AD7 /* Date+Extension.swift */; };
		25B6349A2A3CAE2D00AC6AD7 /* Int+Extension.swift in Sources */ = {isa = PBXBuildFile; fileRef = 25B634992A3CAE2D00AC6AD7 /* Int+Extension.swift */; };
		25B6349D2A3CAF4600AC6AD7 /* FileCache.swift in Sources */ = {isa = PBXBuildFile; fileRef = 25B6349C2A3CAF4600AC6AD7 /* FileCache.swift */; };
		25B634A52A3CB40900AC6AD7 /* TodoItemTests.swift in Sources */ = {isa = PBXBuildFile; fileRef = 25B634A42A3CB40900AC6AD7 /* TodoItemTests.swift */; };
		25B634AC2A3CB47D00AC6AD7 /* FileCacheTests.swift in Sources */ = {isa = PBXBuildFile; fileRef = 25B634AB2A3CB47D00AC6AD7 /* FileCacheTests.swift */; };
/* End PBXBuildFile section */

/* Begin PBXContainerItemProxy section */
		25B634A62A3CB40900AC6AD7 /* PBXContainerItemProxy */ = {
			isa = PBXContainerItemProxy;
			containerPortal = 25B634712A3CA0DD00AC6AD7 /* Project object */;
			proxyType = 1;
			remoteGlobalIDString = 25B634782A3CA0DD00AC6AD7;
			remoteInfo = ToDoList;
		};
/* End PBXContainerItemProxy section */

/* Begin PBXFileReference section */
		2501F7312A41B7CD00919419 /* DetailTodoItemViewController.swift */ = {isa = PBXFileReference; lastKnownFileType = sourcecode.swift; path = DetailTodoItemViewController.swift; sourceTree = "<group>"; };
		2501F7332A41B87900919419 /* DetailTodoItemView.swift */ = {isa = PBXFileReference; lastKnownFileType = sourcecode.swift; path = DetailTodoItemView.swift; sourceTree = "<group>"; };
		2501F7372A41B93200919419 /* SeparatorView.swift */ = {isa = PBXFileReference; lastKnownFileType = sourcecode.swift; path = SeparatorView.swift; sourceTree = "<group>"; };
		2501F7392A41B9A000919419 /* UIColor+Extension.swift */ = {isa = PBXFileReference; lastKnownFileType = sourcecode.swift; path = "UIColor+Extension.swift"; sourceTree = "<group>"; };
		2501F73B2A41B9B800919419 /* UIFont+Extension.swift */ = {isa = PBXFileReference; lastKnownFileType = sourcecode.swift; path = "UIFont+Extension.swift"; sourceTree = "<group>"; };
		2501F73D2A41BAC900919419 /* CustomLable.swift */ = {isa = PBXFileReference; lastKnownFileType = sourcecode.swift; path = CustomLable.swift; sourceTree = "<group>"; };
		2501F73F2A41BADB00919419 /* CustomStackView.swift */ = {isa = PBXFileReference; lastKnownFileType = sourcecode.swift; path = CustomStackView.swift; sourceTree = "<group>"; };
		2501F7412A41BAF300919419 /* Constants.swift */ = {isa = PBXFileReference; lastKnownFileType = sourcecode.swift; path = Constants.swift; sourceTree = "<group>"; };
		2501F7432A41D8BE00919419 /* TodoListViewModel.swift */ = {isa = PBXFileReference; lastKnownFileType = sourcecode.swift; path = TodoListViewModel.swift; sourceTree = "<group>"; };
		2501F7482A41D93400919419 /* ObservableWrapper.swift */ = {isa = PBXFileReference; lastKnownFileType = sourcecode.swift; path = ObservableWrapper.swift; sourceTree = "<group>"; };
		2501F74B2A41D98100919419 /* FileCacheProtocol.swift */ = {isa = PBXFileReference; lastKnownFileType = sourcecode.swift; path = FileCacheProtocol.swift; sourceTree = "<group>"; };
		2501F74D2A41DF5F00919419 /* DetailTodoItemViewDelegate.swift */ = {isa = PBXFileReference; lastKnownFileType = sourcecode.swift; path = DetailTodoItemViewDelegate.swift; sourceTree = "<group>"; };
		2501F74F2A41E6FD00919419 /* DetailTodoItemViewControllerDelegate.swift */ = {isa = PBXFileReference; lastKnownFileType = sourcecode.swift; path = DetailTodoItemViewControllerDelegate.swift; sourceTree = "<group>"; };
		2501F7512A42150C00919419 /* SelectColorStackView.swift */ = {isa = PBXFileReference; lastKnownFileType = sourcecode.swift; path = SelectColorStackView.swift; sourceTree = "<group>"; };
		2501F7532A4220F700919419 /* CustomColorPickerViewController.swift */ = {isa = PBXFileReference; lastKnownFileType = sourcecode.swift; path = CustomColorPickerViewController.swift; sourceTree = "<group>"; };
		2501F7572A42446A00919419 /* OpacitySliderColorPicker.swift */ = {isa = PBXFileReference; lastKnownFileType = sourcecode.swift; path = OpacitySliderColorPicker.swift; sourceTree = "<group>"; };
		2501F75A2A4251BC00919419 /* CAGradientLayer+Extension.swift */ = {isa = PBXFileReference; lastKnownFileType = sourcecode.swift; path = "CAGradientLayer+Extension.swift"; sourceTree = "<group>"; };
		2501F75C2A432B6200919419 /* UIColorMarshallings.swift */ = {isa = PBXFileReference; lastKnownFileType = sourcecode.swift; path = UIColorMarshallings.swift; sourceTree = "<group>"; };
		2501F7602A43811000919419 /* ColorStackViewColorPicker.swift */ = {isa = PBXFileReference; lastKnownFileType = sourcecode.swift; path = ColorStackViewColorPicker.swift; sourceTree = "<group>"; };
		2501F7642A444CD000919419 /* GradientView.swift */ = {isa = PBXFileReference; lastKnownFileType = sourcecode.swift; path = GradientView.swift; sourceTree = "<group>"; };
		2501F7662A4450E000919419 /* DateStackView.swift */ = {isa = PBXFileReference; lastKnownFileType = sourcecode.swift; path = DateStackView.swift; sourceTree = "<group>"; };
		2501F7682A44647100919419 /* DateStackViewDelegate.swift */ = {isa = PBXFileReference; lastKnownFileType = sourcecode.swift; path = DateStackViewDelegate.swift; sourceTree = "<group>"; };
		2501F76A2A4464BD00919419 /* ImportanceStackView.swift */ = {isa = PBXFileReference; lastKnownFileType = sourcecode.swift; path = ImportanceStackView.swift; sourceTree = "<group>"; };
		2501F76C2A44698700919419 /* DetailMainStackView.swift */ = {isa = PBXFileReference; lastKnownFileType = sourcecode.swift; path = DetailMainStackView.swift; sourceTree = "<group>"; };
		2501F76E2A4471B700919419 /* ImportanceStackViewDelegate.swift */ = {isa = PBXFileReference; lastKnownFileType = sourcecode.swift; path = ImportanceStackViewDelegate.swift; sourceTree = "<group>"; };
		2501F7702A4471D200919419 /* DetailMainStackViewDelegate.swift */ = {isa = PBXFileReference; lastKnownFileType = sourcecode.swift; path = DetailMainStackViewDelegate.swift; sourceTree = "<group>"; };
		2501F7722A45F1E500919419 /* ColorMarshallingsProtocol.swift */ = {isa = PBXFileReference; lastKnownFileType = sourcecode.swift; path = ColorMarshallingsProtocol.swift; sourceTree = "<group>"; };
		252B3F512A49B18E006356D4 /* TodoTableViewCell.swift */ = {isa = PBXFileReference; lastKnownFileType = sourcecode.swift; path = TodoTableViewCell.swift; sourceTree = "<group>"; };
		252B3F532A49B6C8006356D4 /* RadioButton.swift */ = {isa = PBXFileReference; lastKnownFileType = sourcecode.swift; path = RadioButton.swift; sourceTree = "<group>"; };
		252B3F552A49BD52006356D4 /* TodoListView.swift */ = {isa = PBXFileReference; lastKnownFileType = sourcecode.swift; path = TodoListView.swift; sourceTree = "<group>"; };
		252B3F572A49CAB1006356D4 /* NewTodoItemTableViewCell.swift */ = {isa = PBXFileReference; lastKnownFileType = sourcecode.swift; path = NewTodoItemTableViewCell.swift; sourceTree = "<group>"; };
		252B3F592A49E54E006356D4 /* TodoStackView.swift */ = {isa = PBXFileReference; lastKnownFileType = sourcecode.swift; path = TodoStackView.swift; sourceTree = "<group>"; };
		25B634792A3CA0DD00AC6AD7 /* ToDoList.app */ = {isa = PBXFileReference; explicitFileType = wrapper.application; includeInIndex = 0; path = ToDoList.app; sourceTree = BUILT_PRODUCTS_DIR; };
		25B6347C2A3CA0DD00AC6AD7 /* AppDelegate.swift */ = {isa = PBXFileReference; lastKnownFileType = sourcecode.swift; path = AppDelegate.swift; sourceTree = "<group>"; };
		25B6347E2A3CA0DD00AC6AD7 /* SceneDelegate.swift */ = {isa = PBXFileReference; lastKnownFileType = sourcecode.swift; path = SceneDelegate.swift; sourceTree = "<group>"; };
		25B634802A3CA0DD00AC6AD7 /* TodoListViewController.swift */ = {isa = PBXFileReference; lastKnownFileType = sourcecode.swift; path = TodoListViewController.swift; sourceTree = "<group>"; };
		25B634852A3CA0DE00AC6AD7 /* Assets.xcassets */ = {isa = PBXFileReference; lastKnownFileType = folder.assetcatalog; path = Assets.xcassets; sourceTree = "<group>"; };
		25B634882A3CA0DE00AC6AD7 /* Base */ = {isa = PBXFileReference; lastKnownFileType = file.storyboard; name = Base; path = Base.lproj/LaunchScreen.storyboard; sourceTree = "<group>"; };
		25B6348A2A3CA0DE00AC6AD7 /* Info.plist */ = {isa = PBXFileReference; lastKnownFileType = text.plist.xml; path = Info.plist; sourceTree = "<group>"; };
		25B634942A3CACA900AC6AD7 /* TodoItem.swift */ = {isa = PBXFileReference; lastKnownFileType = sourcecode.swift; path = TodoItem.swift; sourceTree = "<group>"; };
		25B634972A3CAE0A00AC6AD7 /* Date+Extension.swift */ = {isa = PBXFileReference; lastKnownFileType = sourcecode.swift; path = "Date+Extension.swift"; sourceTree = "<group>"; };
		25B634992A3CAE2D00AC6AD7 /* Int+Extension.swift */ = {isa = PBXFileReference; lastKnownFileType = sourcecode.swift; path = "Int+Extension.swift"; sourceTree = "<group>"; };
		25B6349C2A3CAF4600AC6AD7 /* FileCache.swift */ = {isa = PBXFileReference; lastKnownFileType = sourcecode.swift; path = FileCache.swift; sourceTree = "<group>"; };
		25B634A22A3CB40800AC6AD7 /* TodoItemTests.xctest */ = {isa = PBXFileReference; explicitFileType = wrapper.cfbundle; includeInIndex = 0; path = TodoItemTests.xctest; sourceTree = BUILT_PRODUCTS_DIR; };
		25B634A42A3CB40900AC6AD7 /* TodoItemTests.swift */ = {isa = PBXFileReference; lastKnownFileType = sourcecode.swift; path = TodoItemTests.swift; sourceTree = "<group>"; };
		25B634AB2A3CB47D00AC6AD7 /* FileCacheTests.swift */ = {isa = PBXFileReference; lastKnownFileType = sourcecode.swift; path = FileCacheTests.swift; sourceTree = "<group>"; };
/* End PBXFileReference section */

/* Begin PBXFrameworksBuildPhase section */
		25B634762A3CA0DD00AC6AD7 /* Frameworks */ = {
			isa = PBXFrameworksBuildPhase;
			buildActionMask = 2147483647;
			files = (
			);
			runOnlyForDeploymentPostprocessing = 0;
		};
		25B6349F2A3CB40800AC6AD7 /* Frameworks */ = {
			isa = PBXFrameworksBuildPhase;
			buildActionMask = 2147483647;
			files = (
			);
			runOnlyForDeploymentPostprocessing = 0;
		};
/* End PBXFrameworksBuildPhase section */

/* Begin PBXGroup section */
		2501F7352A41B8D500919419 /* DetailTodoItem */ = {
			isa = PBXGroup;
			children = (
				2501F7312A41B7CD00919419 /* DetailTodoItemViewController.swift */,
				2501F7332A41B87900919419 /* DetailTodoItemView.swift */,
			);
			path = DetailTodoItem;
			sourceTree = "<group>";
		};
		2501F7362A41B91800919419 /* Views */ = {
			isa = PBXGroup;
			children = (
				2501F7372A41B93200919419 /* SeparatorView.swift */,
				2501F73D2A41BAC900919419 /* CustomLable.swift */,
				2501F73F2A41BADB00919419 /* CustomStackView.swift */,
				2501F7572A42446A00919419 /* OpacitySliderColorPicker.swift */,
				2501F7602A43811000919419 /* ColorStackViewColorPicker.swift */,
				2501F7642A444CD000919419 /* GradientView.swift */,
				2501F76C2A44698700919419 /* DetailMainStackView.swift */,
				2501F76A2A4464BD00919419 /* ImportanceStackView.swift */,
				2501F7512A42150C00919419 /* SelectColorStackView.swift */,
				2501F7662A4450E000919419 /* DateStackView.swift */,
				252B3F512A49B18E006356D4 /* TodoTableViewCell.swift */,
				252B3F572A49CAB1006356D4 /* NewTodoItemTableViewCell.swift */,
				252B3F532A49B6C8006356D4 /* RadioButton.swift */,
				252B3F592A49E54E006356D4 /* TodoStackView.swift */,
			);
			path = Views;
			sourceTree = "<group>";
		};
		2501F7452A41D8EA00919419 /* TodoList */ = {
			isa = PBXGroup;
			children = (
				25B634802A3CA0DD00AC6AD7 /* TodoListViewController.swift */,
				252B3F552A49BD52006356D4 /* TodoListView.swift */,
				2501F7432A41D8BE00919419 /* TodoListViewModel.swift */,
			);
			path = TodoList;
			sourceTree = "<group>";
		};
		2501F7462A41D8FB00919419 /* LaunchScreen */ = {
			isa = PBXGroup;
			children = (
				25B634872A3CA0DE00AC6AD7 /* LaunchScreen.storyboard */,
			);
			path = LaunchScreen;
			sourceTree = "<group>";
		};
		2501F7472A41D91500919419 /* Helpers */ = {
			isa = PBXGroup;
			children = (
				2501F74A2A41D96600919419 /* Protocols */,
				2501F7482A41D93400919419 /* ObservableWrapper.swift */,
				2501F75C2A432B6200919419 /* UIColorMarshallings.swift */,
			);
			path = Helpers;
			sourceTree = "<group>";
		};
		2501F74A2A41D96600919419 /* Protocols */ = {
			isa = PBXGroup;
			children = (
				2501F74B2A41D98100919419 /* FileCacheProtocol.swift */,
				2501F74D2A41DF5F00919419 /* DetailTodoItemViewDelegate.swift */,
				2501F74F2A41E6FD00919419 /* DetailTodoItemViewControllerDelegate.swift */,
				2501F7682A44647100919419 /* DateStackViewDelegate.swift */,
				2501F76E2A4471B700919419 /* ImportanceStackViewDelegate.swift */,
				2501F7702A4471D200919419 /* DetailMainStackViewDelegate.swift */,
				2501F7722A45F1E500919419 /* ColorMarshallingsProtocol.swift */,
			);
			path = Protocols;
			sourceTree = "<group>";
		};
		2501F7592A424E9700919419 /* CustomColorPicker */ = {
			isa = PBXGroup;
			children = (
				2501F7532A4220F700919419 /* CustomColorPickerViewController.swift */,
			);
			path = CustomColorPicker;
			sourceTree = "<group>";
		};
		25B634702A3CA0DD00AC6AD7 = {
			isa = PBXGroup;
			children = (
				25B6347B2A3CA0DD00AC6AD7 /* ToDoList */,
				25B634A32A3CB40900AC6AD7 /* TodoItemTests */,
				25B6347A2A3CA0DD00AC6AD7 /* Products */,
			);
			sourceTree = "<group>";
		};
		25B6347A2A3CA0DD00AC6AD7 /* Products */ = {
			isa = PBXGroup;
			children = (
				25B634792A3CA0DD00AC6AD7 /* ToDoList.app */,
				25B634A22A3CB40800AC6AD7 /* TodoItemTests.xctest */,
			);
			name = Products;
			sourceTree = "<group>";
		};
		25B6347B2A3CA0DD00AC6AD7 /* ToDoList */ = {
			isa = PBXGroup;
			children = (
				25B634922A3CA13400AC6AD7 /* Presentations */,
				25B634932A3CAC9B00AC6AD7 /* Models */,
				25B6349B2A3CAF2900AC6AD7 /* Services */,
				2501F7472A41D91500919419 /* Helpers */,
				25B634912A3CA11400AC6AD7 /* Resources */,
				25B634902A3CA10A00AC6AD7 /* App */,
			);
			path = ToDoList;
			sourceTree = "<group>";
		};
		25B634902A3CA10A00AC6AD7 /* App */ = {
			isa = PBXGroup;
			children = (
				25B6347E2A3CA0DD00AC6AD7 /* SceneDelegate.swift */,
				25B6347C2A3CA0DD00AC6AD7 /* AppDelegate.swift */,
				25B6348A2A3CA0DE00AC6AD7 /* Info.plist */,
			);
			path = App;
			sourceTree = "<group>";
		};
		25B634912A3CA11400AC6AD7 /* Resources */ = {
			isa = PBXGroup;
			children = (
				25B634962A3CADE900AC6AD7 /* Extensions */,
				2501F7412A41BAF300919419 /* Constants.swift */,
				25B634852A3CA0DE00AC6AD7 /* Assets.xcassets */,
			);
			path = Resources;
			sourceTree = "<group>";
		};
		25B634922A3CA13400AC6AD7 /* Presentations */ = {
			isa = PBXGroup;
			children = (
				2501F7362A41B91800919419 /* Views */,
				2501F7452A41D8EA00919419 /* TodoList */,
				2501F7352A41B8D500919419 /* DetailTodoItem */,
				2501F7592A424E9700919419 /* CustomColorPicker */,
				2501F7462A41D8FB00919419 /* LaunchScreen */,
			);
			path = Presentations;
			sourceTree = "<group>";
		};
		25B634932A3CAC9B00AC6AD7 /* Models */ = {
			isa = PBXGroup;
			children = (
				25B634942A3CACA900AC6AD7 /* TodoItem.swift */,
			);
			path = Models;
			sourceTree = "<group>";
		};
		25B634962A3CADE900AC6AD7 /* Extensions */ = {
			isa = PBXGroup;
			children = (
				25B634972A3CAE0A00AC6AD7 /* Date+Extension.swift */,
				25B634992A3CAE2D00AC6AD7 /* Int+Extension.swift */,
				2501F7392A41B9A000919419 /* UIColor+Extension.swift */,
				2501F73B2A41B9B800919419 /* UIFont+Extension.swift */,
				2501F75A2A4251BC00919419 /* CAGradientLayer+Extension.swift */,
			);
			path = Extensions;
			sourceTree = "<group>";
		};
		25B6349B2A3CAF2900AC6AD7 /* Services */ = {
			isa = PBXGroup;
			children = (
				25B6349C2A3CAF4600AC6AD7 /* FileCache.swift */,
			);
			path = Services;
			sourceTree = "<group>";
		};
		25B634A32A3CB40900AC6AD7 /* TodoItemTests */ = {
			isa = PBXGroup;
			children = (
				25B634A42A3CB40900AC6AD7 /* TodoItemTests.swift */,
				25B634AB2A3CB47D00AC6AD7 /* FileCacheTests.swift */,
			);
			path = TodoItemTests;
			sourceTree = "<group>";
		};
/* End PBXGroup section */

/* Begin PBXNativeTarget section */
		25B634782A3CA0DD00AC6AD7 /* ToDoList */ = {
			isa = PBXNativeTarget;
			buildConfigurationList = 25B6348D2A3CA0DE00AC6AD7 /* Build configuration list for PBXNativeTarget "ToDoList" */;
			buildPhases = (
				25B634752A3CA0DD00AC6AD7 /* Sources */,
				25B634762A3CA0DD00AC6AD7 /* Frameworks */,
				25B634772A3CA0DD00AC6AD7 /* Resources */,
			);
			buildRules = (
			);
			dependencies = (
			);
			name = ToDoList;
			productName = ToDoList;
			productReference = 25B634792A3CA0DD00AC6AD7 /* ToDoList.app */;
			productType = "com.apple.product-type.application";
		};
		25B634A12A3CB40800AC6AD7 /* TodoItemTests */ = {
			isa = PBXNativeTarget;
			buildConfigurationList = 25B634A82A3CB40900AC6AD7 /* Build configuration list for PBXNativeTarget "TodoItemTests" */;
			buildPhases = (
				25B6349E2A3CB40800AC6AD7 /* Sources */,
				25B6349F2A3CB40800AC6AD7 /* Frameworks */,
				25B634A02A3CB40800AC6AD7 /* Resources */,
			);
			buildRules = (
			);
			dependencies = (
				25B634A72A3CB40900AC6AD7 /* PBXTargetDependency */,
			);
			name = TodoItemTests;
			productName = TodoItemTests;
			productReference = 25B634A22A3CB40800AC6AD7 /* TodoItemTests.xctest */;
			productType = "com.apple.product-type.bundle.unit-test";
		};
/* End PBXNativeTarget section */

/* Begin PBXProject section */
		25B634712A3CA0DD00AC6AD7 /* Project object */ = {
			isa = PBXProject;
			attributes = {
				BuildIndependentTargetsInParallel = 1;
				LastSwiftUpdateCheck = 1430;
				LastUpgradeCheck = 1430;
				TargetAttributes = {
					25B634782A3CA0DD00AC6AD7 = {
						CreatedOnToolsVersion = 14.3;
					};
					25B634A12A3CB40800AC6AD7 = {
						CreatedOnToolsVersion = 14.3;
						TestTargetID = 25B634782A3CA0DD00AC6AD7;
					};
				};
			};
			buildConfigurationList = 25B634742A3CA0DD00AC6AD7 /* Build configuration list for PBXProject "ToDoList" */;
			compatibilityVersion = "Xcode 14.0";
			developmentRegion = en;
			hasScannedForEncodings = 0;
			knownRegions = (
				en,
				Base,
			);
			mainGroup = 25B634702A3CA0DD00AC6AD7;
			productRefGroup = 25B6347A2A3CA0DD00AC6AD7 /* Products */;
			projectDirPath = "";
			projectRoot = "";
			targets = (
				25B634782A3CA0DD00AC6AD7 /* ToDoList */,
				25B634A12A3CB40800AC6AD7 /* TodoItemTests */,
			);
		};
/* End PBXProject section */

/* Begin PBXResourcesBuildPhase section */
		25B634772A3CA0DD00AC6AD7 /* Resources */ = {
			isa = PBXResourcesBuildPhase;
			buildActionMask = 2147483647;
			files = (
				25B634892A3CA0DE00AC6AD7 /* LaunchScreen.storyboard in Resources */,
				25B634862A3CA0DE00AC6AD7 /* Assets.xcassets in Resources */,
			);
			runOnlyForDeploymentPostprocessing = 0;
		};
		25B634A02A3CB40800AC6AD7 /* Resources */ = {
			isa = PBXResourcesBuildPhase;
			buildActionMask = 2147483647;
			files = (
			);
			runOnlyForDeploymentPostprocessing = 0;
		};
/* End PBXResourcesBuildPhase section */

/* Begin PBXSourcesBuildPhase section */
		25B634752A3CA0DD00AC6AD7 /* Sources */ = {
			isa = PBXSourcesBuildPhase;
			buildActionMask = 2147483647;
			files = (
				2501F75D2A432B6200919419 /* UIColorMarshallings.swift in Sources */,
				2501F7672A4450E000919419 /* DateStackView.swift in Sources */,
				2501F7442A41D8BE00919419 /* TodoListViewModel.swift in Sources */,
				2501F76B2A4464BD00919419 /* ImportanceStackView.swift in Sources */,
				25B634982A3CAE0A00AC6AD7 /* Date+Extension.swift in Sources */,
				25B634812A3CA0DD00AC6AD7 /* TodoListViewController.swift in Sources */,
				2501F7382A41B93200919419 /* SeparatorView.swift in Sources */,
				2501F73A2A41B9A000919419 /* UIColor+Extension.swift in Sources */,
				2501F7402A41BADB00919419 /* CustomStackView.swift in Sources */,
				2501F7422A41BAF300919419 /* Constants.swift in Sources */,
				2501F7652A444CD000919419 /* GradientView.swift in Sources */,
				2501F7502A41E6FD00919419 /* DetailTodoItemViewControllerDelegate.swift in Sources */,
				2501F7342A41B87900919419 /* DetailTodoItemView.swift in Sources */,
				2501F74E2A41DF5F00919419 /* DetailTodoItemViewDelegate.swift in Sources */,
				2501F7732A45F1E500919419 /* ColorMarshallingsProtocol.swift in Sources */,
				2501F76F2A4471B700919419 /* ImportanceStackViewDelegate.swift in Sources */,
				2501F7522A42150C00919419 /* SelectColorStackView.swift in Sources */,
				252B3F562A49BD52006356D4 /* TodoListView.swift in Sources */,
				25B6349D2A3CAF4600AC6AD7 /* FileCache.swift in Sources */,
				2501F76D2A44698700919419 /* DetailMainStackView.swift in Sources */,
				2501F73C2A41B9B800919419 /* UIFont+Extension.swift in Sources */,
				2501F7542A4220F700919419 /* CustomColorPickerViewController.swift in Sources */,
				2501F7712A4471D200919419 /* DetailMainStackViewDelegate.swift in Sources */,
				2501F7492A41D93400919419 /* ObservableWrapper.swift in Sources */,
				25B6347D2A3CA0DD00AC6AD7 /* AppDelegate.swift in Sources */,
				252B3F582A49CAB1006356D4 /* NewTodoItemTableViewCell.swift in Sources */,
				2501F7322A41B7CD00919419 /* DetailTodoItemViewController.swift in Sources */,
				2501F75B2A4251BC00919419 /* CAGradientLayer+Extension.swift in Sources */,
				2501F7692A44647100919419 /* DateStackViewDelegate.swift in Sources */,
				252B3F542A49B6C8006356D4 /* RadioButton.swift in Sources */,
				2501F73E2A41BAC900919419 /* CustomLable.swift in Sources */,
				252B3F522A49B18E006356D4 /* TodoTableViewCell.swift in Sources */,
				252B3F5A2A49E54E006356D4 /* TodoStackView.swift in Sources */,
				25B6349A2A3CAE2D00AC6AD7 /* Int+Extension.swift in Sources */,
				2501F7612A43811000919419 /* ColorStackViewColorPicker.swift in Sources */,
				25B634952A3CACA900AC6AD7 /* TodoItem.swift in Sources */,
				2501F74C2A41D98100919419 /* FileCacheProtocol.swift in Sources */,
				2501F7582A42446A00919419 /* OpacitySliderColorPicker.swift in Sources */,
				25B6347F2A3CA0DD00AC6AD7 /* SceneDelegate.swift in Sources */,
			);
			runOnlyForDeploymentPostprocessing = 0;
		};
		25B6349E2A3CB40800AC6AD7 /* Sources */ = {
			isa = PBXSourcesBuildPhase;
			buildActionMask = 2147483647;
			files = (
				25B634AC2A3CB47D00AC6AD7 /* FileCacheTests.swift in Sources */,
				25B634A52A3CB40900AC6AD7 /* TodoItemTests.swift in Sources */,
			);
			runOnlyForDeploymentPostprocessing = 0;
		};
/* End PBXSourcesBuildPhase section */

/* Begin PBXTargetDependency section */
		25B634A72A3CB40900AC6AD7 /* PBXTargetDependency */ = {
			isa = PBXTargetDependency;
			target = 25B634782A3CA0DD00AC6AD7 /* ToDoList */;
			targetProxy = 25B634A62A3CB40900AC6AD7 /* PBXContainerItemProxy */;
		};
/* End PBXTargetDependency section */

/* Begin PBXVariantGroup section */
		25B634872A3CA0DE00AC6AD7 /* LaunchScreen.storyboard */ = {
			isa = PBXVariantGroup;
			children = (
				25B634882A3CA0DE00AC6AD7 /* Base */,
			);
			name = LaunchScreen.storyboard;
			sourceTree = "<group>";
		};
/* End PBXVariantGroup section */

/* Begin XCBuildConfiguration section */
		25B6348B2A3CA0DE00AC6AD7 /* Debug */ = {
			isa = XCBuildConfiguration;
			buildSettings = {
				ALWAYS_SEARCH_USER_PATHS = NO;
				CLANG_ANALYZER_NONNULL = YES;
				CLANG_ANALYZER_NUMBER_OBJECT_CONVERSION = YES_AGGRESSIVE;
				CLANG_CXX_LANGUAGE_STANDARD = "gnu++20";
				CLANG_ENABLE_MODULES = YES;
				CLANG_ENABLE_OBJC_ARC = YES;
				CLANG_ENABLE_OBJC_WEAK = YES;
				CLANG_WARN_BLOCK_CAPTURE_AUTORELEASING = YES;
				CLANG_WARN_BOOL_CONVERSION = YES;
				CLANG_WARN_COMMA = YES;
				CLANG_WARN_CONSTANT_CONVERSION = YES;
				CLANG_WARN_DEPRECATED_OBJC_IMPLEMENTATIONS = YES;
				CLANG_WARN_DIRECT_OBJC_ISA_USAGE = YES_ERROR;
				CLANG_WARN_DOCUMENTATION_COMMENTS = YES;
				CLANG_WARN_EMPTY_BODY = YES;
				CLANG_WARN_ENUM_CONVERSION = YES;
				CLANG_WARN_INFINITE_RECURSION = YES;
				CLANG_WARN_INT_CONVERSION = YES;
				CLANG_WARN_NON_LITERAL_NULL_CONVERSION = YES;
				CLANG_WARN_OBJC_IMPLICIT_RETAIN_SELF = YES;
				CLANG_WARN_OBJC_LITERAL_CONVERSION = YES;
				CLANG_WARN_OBJC_ROOT_CLASS = YES_ERROR;
				CLANG_WARN_QUOTED_INCLUDE_IN_FRAMEWORK_HEADER = YES;
				CLANG_WARN_RANGE_LOOP_ANALYSIS = YES;
				CLANG_WARN_STRICT_PROTOTYPES = YES;
				CLANG_WARN_SUSPICIOUS_MOVE = YES;
				CLANG_WARN_UNGUARDED_AVAILABILITY = YES_AGGRESSIVE;
				CLANG_WARN_UNREACHABLE_CODE = YES;
				CLANG_WARN__DUPLICATE_METHOD_MATCH = YES;
				COPY_PHASE_STRIP = NO;
				DEBUG_INFORMATION_FORMAT = dwarf;
				ENABLE_STRICT_OBJC_MSGSEND = YES;
				ENABLE_TESTABILITY = YES;
				GCC_C_LANGUAGE_STANDARD = gnu11;
				GCC_DYNAMIC_NO_PIC = NO;
				GCC_NO_COMMON_BLOCKS = YES;
				GCC_OPTIMIZATION_LEVEL = 0;
				GCC_PREPROCESSOR_DEFINITIONS = (
					"DEBUG=1",
					"$(inherited)",
				);
				GCC_WARN_64_TO_32_BIT_CONVERSION = YES;
				GCC_WARN_ABOUT_RETURN_TYPE = YES_ERROR;
				GCC_WARN_UNDECLARED_SELECTOR = YES;
				GCC_WARN_UNINITIALIZED_AUTOS = YES_AGGRESSIVE;
				GCC_WARN_UNUSED_FUNCTION = YES;
				GCC_WARN_UNUSED_VARIABLE = YES;
				IPHONEOS_DEPLOYMENT_TARGET = 16.4;
				MTL_ENABLE_DEBUG_INFO = INCLUDE_SOURCE;
				MTL_FAST_MATH = YES;
				ONLY_ACTIVE_ARCH = YES;
				SDKROOT = iphoneos;
				SWIFT_ACTIVE_COMPILATION_CONDITIONS = DEBUG;
				SWIFT_OPTIMIZATION_LEVEL = "-Onone";
			};
			name = Debug;
		};
		25B6348C2A3CA0DE00AC6AD7 /* Release */ = {
			isa = XCBuildConfiguration;
			buildSettings = {
				ALWAYS_SEARCH_USER_PATHS = NO;
				CLANG_ANALYZER_NONNULL = YES;
				CLANG_ANALYZER_NUMBER_OBJECT_CONVERSION = YES_AGGRESSIVE;
				CLANG_CXX_LANGUAGE_STANDARD = "gnu++20";
				CLANG_ENABLE_MODULES = YES;
				CLANG_ENABLE_OBJC_ARC = YES;
				CLANG_ENABLE_OBJC_WEAK = YES;
				CLANG_WARN_BLOCK_CAPTURE_AUTORELEASING = YES;
				CLANG_WARN_BOOL_CONVERSION = YES;
				CLANG_WARN_COMMA = YES;
				CLANG_WARN_CONSTANT_CONVERSION = YES;
				CLANG_WARN_DEPRECATED_OBJC_IMPLEMENTATIONS = YES;
				CLANG_WARN_DIRECT_OBJC_ISA_USAGE = YES_ERROR;
				CLANG_WARN_DOCUMENTATION_COMMENTS = YES;
				CLANG_WARN_EMPTY_BODY = YES;
				CLANG_WARN_ENUM_CONVERSION = YES;
				CLANG_WARN_INFINITE_RECURSION = YES;
				CLANG_WARN_INT_CONVERSION = YES;
				CLANG_WARN_NON_LITERAL_NULL_CONVERSION = YES;
				CLANG_WARN_OBJC_IMPLICIT_RETAIN_SELF = YES;
				CLANG_WARN_OBJC_LITERAL_CONVERSION = YES;
				CLANG_WARN_OBJC_ROOT_CLASS = YES_ERROR;
				CLANG_WARN_QUOTED_INCLUDE_IN_FRAMEWORK_HEADER = YES;
				CLANG_WARN_RANGE_LOOP_ANALYSIS = YES;
				CLANG_WARN_STRICT_PROTOTYPES = YES;
				CLANG_WARN_SUSPICIOUS_MOVE = YES;
				CLANG_WARN_UNGUARDED_AVAILABILITY = YES_AGGRESSIVE;
				CLANG_WARN_UNREACHABLE_CODE = YES;
				CLANG_WARN__DUPLICATE_METHOD_MATCH = YES;
				COPY_PHASE_STRIP = NO;
				DEBUG_INFORMATION_FORMAT = "dwarf-with-dsym";
				ENABLE_NS_ASSERTIONS = NO;
				ENABLE_STRICT_OBJC_MSGSEND = YES;
				GCC_C_LANGUAGE_STANDARD = gnu11;
				GCC_NO_COMMON_BLOCKS = YES;
				GCC_WARN_64_TO_32_BIT_CONVERSION = YES;
				GCC_WARN_ABOUT_RETURN_TYPE = YES_ERROR;
				GCC_WARN_UNDECLARED_SELECTOR = YES;
				GCC_WARN_UNINITIALIZED_AUTOS = YES_AGGRESSIVE;
				GCC_WARN_UNUSED_FUNCTION = YES;
				GCC_WARN_UNUSED_VARIABLE = YES;
				IPHONEOS_DEPLOYMENT_TARGET = 16.4;
				MTL_ENABLE_DEBUG_INFO = NO;
				MTL_FAST_MATH = YES;
				SDKROOT = iphoneos;
				SWIFT_COMPILATION_MODE = wholemodule;
				SWIFT_OPTIMIZATION_LEVEL = "-O";
				VALIDATE_PRODUCT = YES;
			};
			name = Release;
		};
		25B6348E2A3CA0DE00AC6AD7 /* Debug */ = {
			isa = XCBuildConfiguration;
			buildSettings = {
				ASSETCATALOG_COMPILER_APPICON_NAME = AppIcon;
				ASSETCATALOG_COMPILER_GLOBAL_ACCENT_COLOR_NAME = AccentColor;
				CODE_SIGN_STYLE = Automatic;
				CURRENT_PROJECT_VERSION = 1;
				DEVELOPMENT_TEAM = DWMGJ928Y5;
				GENERATE_INFOPLIST_FILE = YES;
				INFOPLIST_FILE = ToDoList/App/Info.plist;
				INFOPLIST_KEY_UIApplicationSupportsIndirectInputEvents = YES;
				INFOPLIST_KEY_UILaunchStoryboardName = LaunchScreen;
				INFOPLIST_KEY_UISupportedInterfaceOrientations = "UIInterfaceOrientationLandscapeLeft UIInterfaceOrientationLandscapeRight UIInterfaceOrientationPortrait UIInterfaceOrientationPortraitUpsideDown";
				IPHONEOS_DEPLOYMENT_TARGET = 15.0;
				LD_RUNPATH_SEARCH_PATHS = (
					"$(inherited)",
					"@executable_path/Frameworks",
				);
				MARKETING_VERSION = 1.0;
				PRODUCT_BUNDLE_IDENTIFIER = ru.JuliDeveloper.ToDoList;
				PRODUCT_NAME = "$(TARGET_NAME)";
				SUPPORTED_PLATFORMS = "iphoneos iphonesimulator";
				SUPPORTS_MACCATALYST = NO;
				SUPPORTS_MAC_DESIGNED_FOR_IPHONE_IPAD = NO;
				SWIFT_EMIT_LOC_STRINGS = YES;
				SWIFT_VERSION = 5.0;
				TARGETED_DEVICE_FAMILY = 1;
			};
			name = Debug;
		};
		25B6348F2A3CA0DE00AC6AD7 /* Release */ = {
			isa = XCBuildConfiguration;
			buildSettings = {
				ASSETCATALOG_COMPILER_APPICON_NAME = AppIcon;
				ASSETCATALOG_COMPILER_GLOBAL_ACCENT_COLOR_NAME = AccentColor;
				CODE_SIGN_STYLE = Automatic;
				CURRENT_PROJECT_VERSION = 1;
				DEVELOPMENT_TEAM = DWMGJ928Y5;
				GENERATE_INFOPLIST_FILE = YES;
				INFOPLIST_FILE = ToDoList/App/Info.plist;
				INFOPLIST_KEY_UIApplicationSupportsIndirectInputEvents = YES;
				INFOPLIST_KEY_UILaunchStoryboardName = LaunchScreen;
				INFOPLIST_KEY_UISupportedInterfaceOrientations = "UIInterfaceOrientationLandscapeLeft UIInterfaceOrientationLandscapeRight UIInterfaceOrientationPortrait UIInterfaceOrientationPortraitUpsideDown";
				IPHONEOS_DEPLOYMENT_TARGET = 15.0;
				LD_RUNPATH_SEARCH_PATHS = (
					"$(inherited)",
					"@executable_path/Frameworks",
				);
				MARKETING_VERSION = 1.0;
				PRODUCT_BUNDLE_IDENTIFIER = ru.JuliDeveloper.ToDoList;
				PRODUCT_NAME = "$(TARGET_NAME)";
				SUPPORTED_PLATFORMS = "iphoneos iphonesimulator";
				SUPPORTS_MACCATALYST = NO;
				SUPPORTS_MAC_DESIGNED_FOR_IPHONE_IPAD = NO;
				SWIFT_EMIT_LOC_STRINGS = YES;
				SWIFT_VERSION = 5.0;
				TARGETED_DEVICE_FAMILY = 1;
			};
			name = Release;
		};
		25B634A92A3CB40900AC6AD7 /* Debug */ = {
			isa = XCBuildConfiguration;
			buildSettings = {
				BUNDLE_LOADER = "$(TEST_HOST)";
				CODE_SIGN_STYLE = Automatic;
				CURRENT_PROJECT_VERSION = 1;
				DEVELOPMENT_TEAM = DWMGJ928Y5;
				GENERATE_INFOPLIST_FILE = YES;
				IPHONEOS_DEPLOYMENT_TARGET = 16.4;
				MACOSX_DEPLOYMENT_TARGET = 13.3;
				MARKETING_VERSION = 1.0;
				PRODUCT_BUNDLE_IDENTIFIER = ru.JuliDeveloper.TodoItemTests;
				PRODUCT_NAME = "$(TARGET_NAME)";
				SDKROOT = auto;
				SUPPORTED_PLATFORMS = "iphoneos iphonesimulator macosx";
				SWIFT_EMIT_LOC_STRINGS = NO;
				SWIFT_VERSION = 5.0;
				TARGETED_DEVICE_FAMILY = "1,2";
				TEST_HOST = "$(BUILT_PRODUCTS_DIR)/ToDoList.app/$(BUNDLE_EXECUTABLE_FOLDER_PATH)/ToDoList";
			};
			name = Debug;
		};
		25B634AA2A3CB40900AC6AD7 /* Release */ = {
			isa = XCBuildConfiguration;
			buildSettings = {
				BUNDLE_LOADER = "$(TEST_HOST)";
				CODE_SIGN_STYLE = Automatic;
				CURRENT_PROJECT_VERSION = 1;
				DEVELOPMENT_TEAM = DWMGJ928Y5;
				GENERATE_INFOPLIST_FILE = YES;
				IPHONEOS_DEPLOYMENT_TARGET = 16.4;
				MACOSX_DEPLOYMENT_TARGET = 13.3;
				MARKETING_VERSION = 1.0;
				PRODUCT_BUNDLE_IDENTIFIER = ru.JuliDeveloper.TodoItemTests;
				PRODUCT_NAME = "$(TARGET_NAME)";
				SDKROOT = auto;
				SUPPORTED_PLATFORMS = "iphoneos iphonesimulator macosx";
				SWIFT_EMIT_LOC_STRINGS = NO;
				SWIFT_VERSION = 5.0;
				TARGETED_DEVICE_FAMILY = "1,2";
				TEST_HOST = "$(BUILT_PRODUCTS_DIR)/ToDoList.app/$(BUNDLE_EXECUTABLE_FOLDER_PATH)/ToDoList";
			};
			name = Release;
		};
/* End XCBuildConfiguration section */

/* Begin XCConfigurationList section */
		25B634742A3CA0DD00AC6AD7 /* Build configuration list for PBXProject "ToDoList" */ = {
			isa = XCConfigurationList;
			buildConfigurations = (
				25B6348B2A3CA0DE00AC6AD7 /* Debug */,
				25B6348C2A3CA0DE00AC6AD7 /* Release */,
			);
			defaultConfigurationIsVisible = 0;
			defaultConfigurationName = Release;
		};
		25B6348D2A3CA0DE00AC6AD7 /* Build configuration list for PBXNativeTarget "ToDoList" */ = {
			isa = XCConfigurationList;
			buildConfigurations = (
				25B6348E2A3CA0DE00AC6AD7 /* Debug */,
				25B6348F2A3CA0DE00AC6AD7 /* Release */,
			);
			defaultConfigurationIsVisible = 0;
			defaultConfigurationName = Release;
		};
		25B634A82A3CB40900AC6AD7 /* Build configuration list for PBXNativeTarget "TodoItemTests" */ = {
			isa = XCConfigurationList;
			buildConfigurations = (
				25B634A92A3CB40900AC6AD7 /* Debug */,
				25B634AA2A3CB40900AC6AD7 /* Release */,
			);
			defaultConfigurationIsVisible = 0;
			defaultConfigurationName = Release;
		};
/* End XCConfigurationList section */
	};
	rootObject = 25B634712A3CA0DD00AC6AD7 /* Project object */;
}
